
Microsoft Visual Studio Solution File, Format Version 12.00
# Visual Studio Version 17
VisualStudioVersion = 17.13.35825.156
MinimumVisualStudioVersion = 10.0.40219.1
Project("{FAE04EC0-301F-11D3-BF4B-00C04F79EFBC}") = "InnercorArca.V1", "InnercorArca\InnercorArca.V1.csproj", "{37F1FFDC-C48C-4456-B504-7030EAF49251}"
EndProject
Project("{FAE04EC0-301F-11D3-BF4B-00C04F79EFBC}") = "Console_InnercorArca", "Console\Console_InnercorArca.csproj", "{041BA873-6BA0-454E-B4C9-239A71D14787}"
EndProject
Global
	GlobalSection(SolutionConfigurationPlatforms) = preSolution
		Debug|Any CPU = Debug|Any CPU
		Release|Any CPU = Release|Any CPU
	EndGlobalSection
	GlobalSection(ProjectConfigurationPlatforms) = postSolution
		{37F1FFDC-C48C-4456-B504-7030EAF49251}.Debug|Any CPU.ActiveCfg = Debug|Any CPU
		{37F1FFDC-C48C-4456-B504-7030EAF49251}.Debug|Any CPU.Build.0 = Debug|Any CPU
		{37F1FFDC-C48C-4456-B504-7030EAF49251}.Release|Any CPU.ActiveCfg = Release|Any CPU
		{37F1FFDC-C48C-4456-B504-7030EAF49251}.Release|Any CPU.Build.0 = Release|Any CPU
		{041BA873-6BA0-454E-B4C9-239A71D14787}.Debug|Any CPU.ActiveCfg = Debug|Any CPU
		{041BA873-6BA0-454E-B4C9-239A71D14787}.Debug|Any CPU.Build.0 = Debug|Any CPU
		{041BA873-6BA0-454E-B4C9-239A71D14787}.Release|Any CPU.ActiveCfg = Release|Any CPU
		{041BA873-6BA0-454E-B4C9-239A71D14787}.Release|Any CPU.Build.0 = Release|Any CPU
	EndGlobalSection
	GlobalSection(SolutionProperties) = preSolution
		HideSolutionNode = FALSE
	EndGlobalSection
	GlobalSection(ExtensibilityGlobals) = postSolution
		SolutionGuid = {8FEA12C4-A5CA-447D-B29D-4DFE73183A12}
	EndGlobalSection
EndGlobal
